
Microsoft Visual Studio Solution File, Format Version 12.00
# Visual Studio Version 16
VisualStudioVersion = 16.0.33927.289
MinimumVisualStudioVersion = 10.0.40219.1
Project("{FAE04EC0-301F-11D3-BF4B-00C04F79EFBC}") = "Dzaone_Appliance_Shop", "Dzaone_Appliance_Shop.csproj", "{BC6A780B-7E89-44E1-B5C9-9F69DB7C9A48}"
EndProject
Global
	GlobalSection(SolutionConfigurationPlatforms) = preSolution
		Debug|Any CPU = Debug|Any CPU
		Release|Any CPU = Release|Any CPU
	EndGlobalSection
	GlobalSection(ProjectConfigurationPlatforms) = postSolution
		{BC6A780B-7E89-44E1-B5C9-9F69DB7C9A48}.Debug|Any CPU.ActiveCfg = Debug|Any CPU
		{BC6A780B-7E89-44E1-B5C9-9F69DB7C9A48}.Debug|Any CPU.Build.0 = Debug|Any CPU
		{BC6A780B-7E89-44E1-B5C9-9F69DB7C9A48}.Release|Any CPU.ActiveCfg = Release|Any CPU
		{BC6A780B-7E89-44E1-B5C9-9F69DB7C9A48}.Release|Any CPU.Build.0 = Release|Any CPU
	EndGlobalSection
	GlobalSection(SolutionProperties) = preSolution
		HideSolutionNode = FALSE
	EndGlobalSection
	GlobalSection(ExtensibilityGlobals) = postSolution
		SolutionGuid = {711455B1-2DB8-447C-A3AF-5755CBA8C563}
	EndGlobalSection
EndGlobal
